
Microsoft Visual Studio Solution File, Format Version 12.00
# Visual Studio Version 17
VisualStudioVersion = 17.11.35327.3
MinimumVisualStudioVersion = 10.0.40219.1
Project("{9A19103F-16F7-4668-BE54-9A1E7A4F7556}") = "Project1", "Project1\Project1.csproj", "{764B109A-EBAB-4A28-A8B3-8B5D18EC387F}"
EndProject
Project("{9A19103F-16F7-4668-BE54-9A1E7A4F7556}") = "Lists", "Lists\Lists.csproj", "{C2AB7B1C-ACBA-4C97-8944-0749C20CED98}"
EndProject
Project("{9A19103F-16F7-4668-BE54-9A1E7A4F7556}") = "Project2", "Project2\Project2.csproj", "{4EE2318A-08E0-4CAD-BE50-68B53E541846}"
EndProject
Project("{9A19103F-16F7-4668-BE54-9A1E7A4F7556}") = "Classes", "Classes\Classes.csproj", "{D1D752CE-AC53-47CB-9A88-72FFF776DEB8}"
EndProject
Project("{9A19103F-16F7-4668-BE54-9A1E7A4F7556}") = "Classes2", "Classes2\Classes2.csproj", "{BB835608-7A53-4591-96D3-07A10A8DAAA1}"
EndProject
Project("{9A19103F-16F7-4668-BE54-9A1E7A4F7556}") = "Methods", "Methods\Methods.csproj", "{8C214C16-B4D3-428B-9266-772FAD1876E9}"
EndProject
Project("{9A19103F-16F7-4668-BE54-9A1E7A4F7556}") = "Project3", "Project3\Project3.csproj", "{25406962-D057-4E27-BEF3-B9DD33C3F1D1}"
EndProject
Project("{9A19103F-16F7-4668-BE54-9A1E7A4F7556}") = "Inheritance", "Inheritance\Inheritance.csproj", "{7D922451-B722-43E2-BC82-1F91C5C9E5F0}"
EndProject
Project("{9A19103F-16F7-4668-BE54-9A1E7A4F7556}") = "ReferenceTypes", "ReferenceTypes\ReferenceTypes.csproj", "{0418DADF-C047-4B66-BC26-1623CD7AD429}"
EndProject
Project("{9A19103F-16F7-4668-BE54-9A1E7A4F7556}") = "Properties", "Properties\Properties.csproj", "{C63935CB-0F00-4360-B952-1CF8D014A76A}"
EndProject
Project("{9A19103F-16F7-4668-BE54-9A1E7A4F7556}") = "AccessModifiers", "AccessModifiers\AccessModifiers.csproj", "{BB91E60B-C782-4C09-903E-919A512A7FEB}"
EndProject
Project("{9A19103F-16F7-4668-BE54-9A1E7A4F7556}") = "AccessModifiersTest", "AccessModifiersTest\AccessModifiersTest.csproj", "{0342A07F-9626-40D6-BEE4-ED5DAF89AE69}"
EndProject
Project("{9A19103F-16F7-4668-BE54-9A1E7A4F7556}") = "Interfaces", "Interfaces\Interfaces.csproj", "{0B4FDE85-66B2-4C4B-9C27-AC60D7BD413D}"
EndProject
Project("{9A19103F-16F7-4668-BE54-9A1E7A4F7556}") = "Project4.DataAccess", "Project4.DataAccess\Project4.DataAccess.csproj", "{4FE549DA-6D68-4C9E-A32E-0AAEAF0D584B}"
EndProject
Project("{9A19103F-16F7-4668-BE54-9A1E7A4F7556}") = "Project4.Bussiness", "Project4.Bussiness\Project4.Bussiness.csproj", "{BBBC4CBE-37C6-4BC6-AF5E-6182BA9076B2}"
EndProject
Project("{9A19103F-16F7-4668-BE54-9A1E7A4F7556}") = "Project4.ConsoleUI", "Project4.ConsoleUI\Project4.ConsoleUI.csproj", "{262E52A3-B5BA-4C07-AF4A-AF5C4136BA17}"
EndProject
Project("{9A19103F-16F7-4668-BE54-9A1E7A4F7556}") = "Project4.Entities", "Project4.Entities\Project4.Entities.csproj", "{A1E6D3F5-42C8-4282-A2A2-5A546CCAB6CB}"
EndProject
Project("{9A19103F-16F7-4668-BE54-9A1E7A4F7556}") = "Generics", "Generics\Generics.csproj", "{DFB6ABAA-BC54-40A6-83C0-3FEC54C83FC3}"
EndProject
Project("{9A19103F-16F7-4668-BE54-9A1E7A4F7556}") = "ExceptionHandling", "ExceptionHandling\ExceptionHandling.csproj", "{F2B5F5C0-0F09-4611-B4D2-96892785098A}"
EndProject
Project("{9A19103F-16F7-4668-BE54-9A1E7A4F7556}") = "LinqProject", "LinqProject\LinqProject.csproj", "{70D29D37-7A74-48E4-B8BA-DC6EFC64B1ED}"
EndProject
Project("{9A19103F-16F7-4668-BE54-9A1E7A4F7556}") = "EntityFrameworkDemo", "EntityFrameworkDemo\EntityFrameworkDemo.csproj", "{0CC3CD3A-C70A-4332-A0AF-3BFBD766C861}"
EndProject
Project("{2150E333-8FDC-42A3-9474-1A3956D46DE8}") = "Solution Items", "Solution Items", "{D8FC9609-8620-463A-A4BF-4A6E6C22C861}"
	ProjectSection(SolutionItems) = preProject
		.gitignore = .gitignore
	EndProjectSection
EndProject
Global
	GlobalSection(SolutionConfigurationPlatforms) = preSolution
		Debug|Any CPU = Debug|Any CPU
		Release|Any CPU = Release|Any CPU
	EndGlobalSection
	GlobalSection(ProjectConfigurationPlatforms) = postSolution
		{764B109A-EBAB-4A28-A8B3-8B5D18EC387F}.Debug|Any CPU.ActiveCfg = Debug|Any CPU
		{764B109A-EBAB-4A28-A8B3-8B5D18EC387F}.Debug|Any CPU.Build.0 = Debug|Any CPU
		{764B109A-EBAB-4A28-A8B3-8B5D18EC387F}.Release|Any CPU.ActiveCfg = Release|Any CPU
		{764B109A-EBAB-4A28-A8B3-8B5D18EC387F}.Release|Any CPU.Build.0 = Release|Any CPU
		{C2AB7B1C-ACBA-4C97-8944-0749C20CED98}.Debug|Any CPU.ActiveCfg = Debug|Any CPU
		{C2AB7B1C-ACBA-4C97-8944-0749C20CED98}.Debug|Any CPU.Build.0 = Debug|Any CPU
		{C2AB7B1C-ACBA-4C97-8944-0749C20CED98}.Release|Any CPU.ActiveCfg = Release|Any CPU
		{C2AB7B1C-ACBA-4C97-8944-0749C20CED98}.Release|Any CPU.Build.0 = Release|Any CPU
		{4EE2318A-08E0-4CAD-BE50-68B53E541846}.Debug|Any CPU.ActiveCfg = Debug|Any CPU
		{4EE2318A-08E0-4CAD-BE50-68B53E541846}.Debug|Any CPU.Build.0 = Debug|Any CPU
		{4EE2318A-08E0-4CAD-BE50-68B53E541846}.Release|Any CPU.ActiveCfg = Release|Any CPU
		{4EE2318A-08E0-4CAD-BE50-68B53E541846}.Release|Any CPU.Build.0 = Release|Any CPU
		{D1D752CE-AC53-47CB-9A88-72FFF776DEB8}.Debug|Any CPU.ActiveCfg = Debug|Any CPU
		{D1D752CE-AC53-47CB-9A88-72FFF776DEB8}.Debug|Any CPU.Build.0 = Debug|Any CPU
		{D1D752CE-AC53-47CB-9A88-72FFF776DEB8}.Release|Any CPU.ActiveCfg = Release|Any CPU
		{D1D752CE-AC53-47CB-9A88-72FFF776DEB8}.Release|Any CPU.Build.0 = Release|Any CPU
		{BB835608-7A53-4591-96D3-07A10A8DAAA1}.Debug|Any CPU.ActiveCfg = Debug|Any CPU
		{BB835608-7A53-4591-96D3-07A10A8DAAA1}.Debug|Any CPU.Build.0 = Debug|Any CPU
		{BB835608-7A53-4591-96D3-07A10A8DAAA1}.Release|Any CPU.ActiveCfg = Release|Any CPU
		{BB835608-7A53-4591-96D3-07A10A8DAAA1}.Release|Any CPU.Build.0 = Release|Any CPU
		{8C214C16-B4D3-428B-9266-772FAD1876E9}.Debug|Any CPU.ActiveCfg = Debug|Any CPU
		{8C214C16-B4D3-428B-9266-772FAD1876E9}.Debug|Any CPU.Build.0 = Debug|Any CPU
		{8C214C16-B4D3-428B-9266-772FAD1876E9}.Release|Any CPU.ActiveCfg = Release|Any CPU
		{8C214C16-B4D3-428B-9266-772FAD1876E9}.Release|Any CPU.Build.0 = Release|Any CPU
		{25406962-D057-4E27-BEF3-B9DD33C3F1D1}.Debug|Any CPU.ActiveCfg = Debug|Any CPU
		{25406962-D057-4E27-BEF3-B9DD33C3F1D1}.Debug|Any CPU.Build.0 = Debug|Any CPU
		{25406962-D057-4E27-BEF3-B9DD33C3F1D1}.Release|Any CPU.ActiveCfg = Release|Any CPU
		{25406962-D057-4E27-BEF3-B9DD33C3F1D1}.Release|Any CPU.Build.0 = Release|Any CPU
		{7D922451-B722-43E2-BC82-1F91C5C9E5F0}.Debug|Any CPU.ActiveCfg = Debug|Any CPU
		{7D922451-B722-43E2-BC82-1F91C5C9E5F0}.Debug|Any CPU.Build.0 = Debug|Any CPU
		{7D922451-B722-43E2-BC82-1F91C5C9E5F0}.Release|Any CPU.ActiveCfg = Release|Any CPU
		{7D922451-B722-43E2-BC82-1F91C5C9E5F0}.Release|Any CPU.Build.0 = Release|Any CPU
		{0418DADF-C047-4B66-BC26-1623CD7AD429}.Debug|Any CPU.ActiveCfg = Debug|Any CPU
		{0418DADF-C047-4B66-BC26-1623CD7AD429}.Debug|Any CPU.Build.0 = Debug|Any CPU
		{0418DADF-C047-4B66-BC26-1623CD7AD429}.Release|Any CPU.ActiveCfg = Release|Any CPU
		{0418DADF-C047-4B66-BC26-1623CD7AD429}.Release|Any CPU.Build.0 = Release|Any CPU
		{C63935CB-0F00-4360-B952-1CF8D014A76A}.Debug|Any CPU.ActiveCfg = Debug|Any CPU
		{C63935CB-0F00-4360-B952-1CF8D014A76A}.Debug|Any CPU.Build.0 = Debug|Any CPU
		{C63935CB-0F00-4360-B952-1CF8D014A76A}.Release|Any CPU.ActiveCfg = Release|Any CPU
		{C63935CB-0F00-4360-B952-1CF8D014A76A}.Release|Any CPU.Build.0 = Release|Any CPU
		{BB91E60B-C782-4C09-903E-919A512A7FEB}.Debug|Any CPU.ActiveCfg = Debug|Any CPU
		{BB91E60B-C782-4C09-903E-919A512A7FEB}.Debug|Any CPU.Build.0 = Debug|Any CPU
		{BB91E60B-C782-4C09-903E-919A512A7FEB}.Release|Any CPU.ActiveCfg = Release|Any CPU
		{BB91E60B-C782-4C09-903E-919A512A7FEB}.Release|Any CPU.Build.0 = Release|Any CPU
		{0342A07F-9626-40D6-BEE4-ED5DAF89AE69}.Debug|Any CPU.ActiveCfg = Debug|Any CPU
		{0342A07F-9626-40D6-BEE4-ED5DAF89AE69}.Debug|Any CPU.Build.0 = Debug|Any CPU
		{0342A07F-9626-40D6-BEE4-ED5DAF89AE69}.Release|Any CPU.ActiveCfg = Release|Any CPU
		{0342A07F-9626-40D6-BEE4-ED5DAF89AE69}.Release|Any CPU.Build.0 = Release|Any CPU
		{0B4FDE85-66B2-4C4B-9C27-AC60D7BD413D}.Debug|Any CPU.ActiveCfg = Debug|Any CPU
		{0B4FDE85-66B2-4C4B-9C27-AC60D7BD413D}.Debug|Any CPU.Build.0 = Debug|Any CPU
		{0B4FDE85-66B2-4C4B-9C27-AC60D7BD413D}.Release|Any CPU.ActiveCfg = Release|Any CPU
		{0B4FDE85-66B2-4C4B-9C27-AC60D7BD413D}.Release|Any CPU.Build.0 = Release|Any CPU
		{4FE549DA-6D68-4C9E-A32E-0AAEAF0D584B}.Debug|Any CPU.ActiveCfg = Debug|Any CPU
		{4FE549DA-6D68-4C9E-A32E-0AAEAF0D584B}.Debug|Any CPU.Build.0 = Debug|Any CPU
		{4FE549DA-6D68-4C9E-A32E-0AAEAF0D584B}.Release|Any CPU.ActiveCfg = Release|Any CPU
		{4FE549DA-6D68-4C9E-A32E-0AAEAF0D584B}.Release|Any CPU.Build.0 = Release|Any CPU
		{BBBC4CBE-37C6-4BC6-AF5E-6182BA9076B2}.Debug|Any CPU.ActiveCfg = Debug|Any CPU
		{BBBC4CBE-37C6-4BC6-AF5E-6182BA9076B2}.Debug|Any CPU.Build.0 = Debug|Any CPU
		{BBBC4CBE-37C6-4BC6-AF5E-6182BA9076B2}.Release|Any CPU.ActiveCfg = Release|Any CPU
		{BBBC4CBE-37C6-4BC6-AF5E-6182BA9076B2}.Release|Any CPU.Build.0 = Release|Any CPU
		{262E52A3-B5BA-4C07-AF4A-AF5C4136BA17}.Debug|Any CPU.ActiveCfg = Debug|Any CPU
		{262E52A3-B5BA-4C07-AF4A-AF5C4136BA17}.Debug|Any CPU.Build.0 = Debug|Any CPU
		{262E52A3-B5BA-4C07-AF4A-AF5C4136BA17}.Release|Any CPU.ActiveCfg = Release|Any CPU
		{262E52A3-B5BA-4C07-AF4A-AF5C4136BA17}.Release|Any CPU.Build.0 = Release|Any CPU
		{A1E6D3F5-42C8-4282-A2A2-5A546CCAB6CB}.Debug|Any CPU.ActiveCfg = Debug|Any CPU
		{A1E6D3F5-42C8-4282-A2A2-5A546CCAB6CB}.Debug|Any CPU.Build.0 = Debug|Any CPU
		{A1E6D3F5-42C8-4282-A2A2-5A546CCAB6CB}.Release|Any CPU.ActiveCfg = Release|Any CPU
		{A1E6D3F5-42C8-4282-A2A2-5A546CCAB6CB}.Release|Any CPU.Build.0 = Release|Any CPU
		{DFB6ABAA-BC54-40A6-83C0-3FEC54C83FC3}.Debug|Any CPU.ActiveCfg = Debug|Any CPU
		{DFB6ABAA-BC54-40A6-83C0-3FEC54C83FC3}.Debug|Any CPU.Build.0 = Debug|Any CPU
		{DFB6ABAA-BC54-40A6-83C0-3FEC54C83FC3}.Release|Any CPU.ActiveCfg = Release|Any CPU
		{DFB6ABAA-BC54-40A6-83C0-3FEC54C83FC3}.Release|Any CPU.Build.0 = Release|Any CPU
		{F2B5F5C0-0F09-4611-B4D2-96892785098A}.Debug|Any CPU.ActiveCfg = Debug|Any CPU
		{F2B5F5C0-0F09-4611-B4D2-96892785098A}.Debug|Any CPU.Build.0 = Debug|Any CPU
		{F2B5F5C0-0F09-4611-B4D2-96892785098A}.Release|Any CPU.ActiveCfg = Release|Any CPU
		{F2B5F5C0-0F09-4611-B4D2-96892785098A}.Release|Any CPU.Build.0 = Release|Any CPU
		{70D29D37-7A74-48E4-B8BA-DC6EFC64B1ED}.Debug|Any CPU.ActiveCfg = Debug|Any CPU
		{70D29D37-7A74-48E4-B8BA-DC6EFC64B1ED}.Debug|Any CPU.Build.0 = Debug|Any CPU
		{70D29D37-7A74-48E4-B8BA-DC6EFC64B1ED}.Release|Any CPU.ActiveCfg = Release|Any CPU
		{70D29D37-7A74-48E4-B8BA-DC6EFC64B1ED}.Release|Any CPU.Build.0 = Release|Any CPU
		{0CC3CD3A-C70A-4332-A0AF-3BFBD766C861}.Debug|Any CPU.ActiveCfg = Debug|Any CPU
		{0CC3CD3A-C70A-4332-A0AF-3BFBD766C861}.Debug|Any CPU.Build.0 = Debug|Any CPU
		{0CC3CD3A-C70A-4332-A0AF-3BFBD766C861}.Release|Any CPU.ActiveCfg = Release|Any CPU
		{0CC3CD3A-C70A-4332-A0AF-3BFBD766C861}.Release|Any CPU.Build.0 = Release|Any CPU
	EndGlobalSection
	GlobalSection(SolutionProperties) = preSolution
		HideSolutionNode = FALSE
	EndGlobalSection
	GlobalSection(ExtensibilityGlobals) = postSolution
		SolutionGuid = {D030A47A-B5C2-4ED9-B899-734F19D87C9B}
	EndGlobalSection
EndGlobal
